PATH
  remote: /Users/myron/code/vcr
  specs:
    vcr (2.7.0)

GEM
  remote: https://rubygems.org/
  specs:
    addressable (2.3.5)
    appraisal (0.5.2)
      bundler
      rake
    archive-tar-minitar (0.5.2)
    aruba (0.5.3)
      childprocess (>= 0.3.6)
      cucumber (>= 1.1.1)
      rspec-expectations (>= 2.7.0)
    builder (3.2.2)
    childprocess (0.3.9)
      ffi (~> 1.0, >= 1.0.11)
    cookiejar (0.3.0)
    crack (0.4.1)
      safe_yaml (~> 0.9.0)
    cucumber (1.3.10)
      builder (>= 2.1.2)
      diff-lcs (>= 1.1.3)
      gherkin (~> 2.12)
      multi_json (>= 1.7.5, < 2.0)
      multi_test (>= 0.0.2)
    curb (0.8.5)
    diff-lcs (1.2.5)
    docile (1.1.0)
    em-http-request (1.1.1)
      addressable (>= 2.3.4)
      cookiejar
      em-socksify (>= 0.3)
      eventmachine (>= 1.0.3)
      http_parser.rb (>= 0.6.0.beta.2)
    em-socksify (0.3.0)
      eventmachine (>= 1.0.0.beta.4)
    eventmachine (1.0.3)
    excon (0.29.0)
    fakeweb (1.3.0)
    faraday (0.8.8)
      multipart-post (~> 1.2.0)
    ffi (1.9.3)
    gherkin (2.12.2)
      multi_json (~> 1.3)
    github-markup (0.7.5)
    http_parser.rb (0.6.0.beta.2)
    httpclient (2.3.4.1)
    json (1.8.1)
    mime-types (1.25)
    multi_json (1.8.2)
    multi_test (0.0.2)
    multipart-post (1.2.0)
    patron (0.4.18)
    rack (1.5.2)
    rack-protection (1.5.1)
      rack
    rake (10.1.0)
    redcarpet (1.17.2)
    redis (3.0.6)
    relish (0.7)
      archive-tar-minitar (>= 0.5.2)
      json (>= 1.4.6)
      rest-client (>= 1.6.1)
    rest-client (1.6.7)
      mime-types (>= 1.16)
    rspec (3.0.0.beta1)
      rspec-core (= 3.0.0.beta1)
      rspec-expectations (= 3.0.0.beta1)
      rspec-mocks (= 3.0.0.beta1)
    rspec-core (3.0.0.beta1)
    rspec-expectations (3.0.0.beta1)
      diff-lcs (>= 1.1.3, < 2.0)
      rspec-support (= 3.0.0.beta1)
    rspec-mocks (3.0.0.beta1)
    rspec-support (3.0.0.beta1)
    safe_yaml (0.9.7)
    simplecov (0.8.2)
      docile (~> 1.1.0)
      multi_json
      simplecov-html (~> 0.8.0)
    simplecov-html (0.8.0)
    sinatra (1.4.4)
      rack (~> 1.4)
      rack-protection (~> 1.4)
      tilt (~> 1.3, >= 1.3.4)
    tilt (1.4.1)
    timecop (0.6.1)
    typhoeus (0.4.2)
      ffi (~> 1.0)
      mime-types (~> 1.18)
    webmock (1.8.11)
      addressable (>= 2.2.7)
      crack (>= 0.1.7)
    yajl-ruby (1.1.0)
    yard (0.8.7.3)

PLATFORMS
  ruby

DEPENDENCIES
  appraisal
  aruba (>= 0.5)
  bundler
  cucumber (>= 1.1.4)
  curb (>= 0.8.0)
  em-http-request (>= 1.0.2)
  excon (>= 0.22)
  fakeweb (>= 1.3.0)
  faraday (>= 0.8)
  github-markup
  httpclient (>= 2.2)
  jruby-openssl
  json (>= 1.6.5)
  multi_json (>= 1.0.3)
  patron (>= 0.4.15)
  rack (>= 1.3.6)
  rake (>= 0.9.2)
  redcarpet (~> 1.17.2)
  redis (>= 2.2.2)
  relish (~> 0.6)
  rspec (>= 3.0.0.beta1)
  simplecov (>= 0.5.3)
  sinatra (>= 1.3.2)
  timecop (= 0.6.1)
  typhoeus (~> 0.4.2)
  vcr!
  webmock (= 1.8.11)
  yajl-ruby (>= 1.1.0)
  yard
